
Microsoft Visual Studio Solution File, Format Version 12.00
# Visual Studio Version 17
VisualStudioVersion = 17.4.33103.184
MinimumVisualStudioVersion = 10.0.40219.1
Project("{C9674DCB-5085-4A16-B785-4C70DD1589BD}") = "Practice8CVStoSQL", "Practice8CVStoSQL.dtproj", "{2B43E23A-DCAE-4193-9A74-8E0856FAD5E3}"
EndProject
Global
	GlobalSection(SolutionConfigurationPlatforms) = preSolution
		Development|Default = Development|Default
	EndGlobalSection
	GlobalSection(ProjectConfigurationPlatforms) = postSolution
		{2B43E23A-DCAE-4193-9A74-8E0856FAD5E3}.Development|Default.ActiveCfg = Development
		{2B43E23A-DCAE-4193-9A74-8E0856FAD5E3}.Development|Default.Build.0 = Development
	EndGlobalSection
	GlobalSection(SolutionProperties) = preSolution
		HideSolutionNode = FALSE
	EndGlobalSection
	GlobalSection(ExtensibilityGlobals) = postSolution
		SolutionGuid = {019C47B6-AF57-49A5-976A-ECD788823902}
	EndGlobalSection
EndGlobal
